// !$*UTF8*$!
{
	archiveVersion = 1;
	classes = {
	};
	objectVersion = 46;
	objects = {

/* Begin PBXBuildFile section */
		24A483930926E8F400DC794C /* PkgInfo in Resources */ = {isa = PBXBuildFile; fileRef = 24A483910926E8F400DC794C /* PkgInfo */; };
		24D8290609A91ECA0093AEF8 /* xcode_vst_prefix.h in Headers */ = {isa = PBXBuildFile; fileRef = 24D8290509A91ECA0093AEF8 /* xcode_vst_prefix.h */; };
		617D9A04179730660067FBF5 /* aeffect.h in Headers */ = {isa = PBXBuildFile; fileRef = 617D99F6179730660067FBF5 /* aeffect.h */; };
		617D9A05179730660067FBF5 /* aeffectx.h in Headers */ = {isa = PBXBuildFile; fileRef = 617D99F7179730660067FBF5 /* aeffectx.h */; };
		617D9A06179730660067FBF5 /* aeffeditor.h in Headers */ = {isa = PBXBuildFile; fileRef = 617D99F8179730660067FBF5 /* aeffeditor.h */; };
		617D9A07179730660067FBF5 /* audioeffect.cpp in Sources */ = {isa = PBXBuildFile; fileRef = 617D99F9179730660067FBF5 /* audioeffect.cpp */; };
		617D9A08179730660067FBF5 /* audioeffect.h in Headers */ = {isa = PBXBuildFile; fileRef = 617D99FA179730660067FBF5 /* audioeffect.h */; };
		617D9A09179730660067FBF5 /* audioeffectx.cpp in Sources */ = {isa = PBXBuildFile; fileRef = 617D99FB179730660067FBF5 /* audioeffectx.cpp */; };
		617D9A0A179730660067FBF5 /* audioeffectx.h in Headers */ = {isa = PBXBuildFile; fileRef = 617D99FC179730660067FBF5 /* audioeffectx.h */; };
		617D9A0B179730660067FBF5 /* vstfxstore.h in Headers */ = {isa = PBXBuildFile; fileRef = 617D99FD179730660067FBF5 /* vstfxstore.h */; };
		617D9A0C179730660067FBF5 /* vstplugmain.cpp in Sources */ = {isa = PBXBuildFile; fileRef = 617D99FE179730660067FBF5 /* vstplugmain.cpp */; };
		617D9A0D179730660067FBF5 /* paramdef.h in Headers */ = {isa = PBXBuildFile; fileRef = 617D99FF179730660067FBF5 /* paramdef.h */; };
		617D9A0E179730660067FBF5 /* actualsynth.cpp in Sources */ = {isa = PBXBuildFile; fileRef = 617D9A00179730660067FBF5 /* actualsynth.cpp */; };
		617D9A0F179730660067FBF5 /* vstxsynth.h in Headers */ = {isa = PBXBuildFile; fileRef = 617D9A01179730660067FBF5 /* vstxsynth.h */; };
		617D9A10179730660067FBF5 /* vstxsynth.cpp in Sources */ = {isa = PBXBuildFile; fileRef = 617D9A02179730660067FBF5 /* vstxsynth.cpp */; };
		617D9A11179730660067FBF5 /* vstxsynthproc.cpp in Sources */ = {isa = PBXBuildFile; fileRef = 617D9A03179730660067FBF5 /* vstxsynthproc.cpp */; };
		617D9A13179731160067FBF5 /* Info.plist in Resources */ = {isa = PBXBuildFile; fileRef = 617D9A12179731160067FBF5 /* Info.plist */; };
		8D01CCCE0486CAD60068D4B7 /* Carbon.framework in Frameworks */ = {isa = PBXBuildFile; fileRef = 08EA7FFBFE8413EDC02AAC07 /* Carbon.framework */; };
/* End PBXBuildFile section */

/* Begin PBXFileReference section */
		08EA7FFBFE8413EDC02AAC07 /* Carbon.framework */ = {isa = PBXFileReference; lastKnownFileType = wrapper.framework; name = Carbon.framework; path = /System/Library/Frameworks/Carbon.framework; sourceTree = "<absolute>"; };
		2407DE920899296600EB68BF /* Clinkster.vst */ = {isa = PBXFileReference; explicitFileType = wrapper.cfbundle; includeInIndex = 0; path = Clinkster.vst; sourceTree = BUILT_PRODUCTS_DIR; };
		24A483910926E8F400DC794C /* PkgInfo */ = {isa = PBXFileReference; fileEncoding = 30; lastKnownFileType = text; path = PkgInfo; sourceTree = SOURCE_ROOT; };
		24D8290509A91ECA0093AEF8 /* xcode_vst_prefix.h */ = {isa = PBXFileReference; fileEncoding = 30; lastKnownFileType = sourcecode.c.h; path = xcode_vst_prefix.h; sourceTree = SOURCE_ROOT; };
		617D99F6179730660067FBF5 /* aeffect.h */ = {isa = PBXFileReference; fileEncoding = 4; lastKnownFileType = sourcecode.c.h; path = aeffect.h; sourceTree = "<group>"; };
		617D99F7179730660067FBF5 /* aeffectx.h */ = {isa = PBXFileReference; fileEncoding = 4; lastKnownFileType = sourcecode.c.h; path = aeffectx.h; sourceTree = "<group>"; };
		617D99F8179730660067FBF5 /* aeffeditor.h */ = {isa = PBXFileReference; fileEncoding = 4; lastKnownFileType = sourcecode.c.h; path = aeffeditor.h; sourceTree = "<group>"; };
		617D99F9179730660067FBF5 /* audioeffect.cpp */ = {isa = PBXFileReference; fileEncoding = 4; lastKnownFileType = sourcecode.cpp.cpp; path = audioeffect.cpp; sourceTree = "<group>"; };
		617D99FA179730660067FBF5 /* audioeffect.h */ = {isa = PBXFileReference; fileEncoding = 4; lastKnownFileType = sourcecode.c.h; path = audioeffect.h; sourceTree = "<group>"; };
		617D99FB179730660067FBF5 /* audioeffectx.cpp */ = {isa = PBXFileReference; fileEncoding = 4; lastKnownFileType = sourcecode.cpp.cpp; path = audioeffectx.cpp; sourceTree = "<group>"; };
		617D99FC179730660067FBF5 /* audioeffectx.h */ = {isa = PBXFileReference; fileEncoding = 4; lastKnownFileType = sourcecode.c.h; path = audioeffectx.h; sourceTree = "<group>"; };
		617D99FD179730660067FBF5 /* vstfxstore.h */ = {isa = PBXFileReference; fileEncoding = 4; lastKnownFileType = sourcecode.c.h; path = vstfxstore.h; sourceTree = "<group>"; };
		617D99FE179730660067FBF5 /* vstplugmain.cpp */ = {isa = PBXFileReference; fileEncoding = 4; lastKnownFileType = sourcecode.cpp.cpp; path = vstplugmain.cpp; sourceTree = "<group>"; };
		617D99FF179730660067FBF5 /* paramdef.h */ = {isa = PBXFileReference; fileEncoding = 4; lastKnownFileType = sourcecode.c.h; name = paramdef.h; path = ../source/paramdef.h; sourceTree = "<group>"; };
		617D9A00179730660067FBF5 /* actualsynth.cpp */ = {isa = PBXFileReference; fileEncoding = 4; lastKnownFileType = sourcecode.cpp.cpp; name = actualsynth.cpp; path = ../source/actualsynth.cpp; sourceTree = "<group>"; };
		617D9A01179730660067FBF5 /* vstxsynth.h */ = {isa = PBXFileReference; fileEncoding = 4; lastKnownFileType = sourcecode.c.h; name = vstxsynth.h; path = ../source/vstxsynth.h; sourceTree = "<group>"; };
		617D9A02179730660067FBF5 /* vstxsynth.cpp */ = {isa = PBXFileReference; fileEncoding = 4; lastKnownFileType = sourcecode.cpp.cpp; name = vstxsynth.cpp; path = ../source/vstxsynth.cpp; sourceTree = "<group>"; };
		617D9A03179730660067FBF5 /* vstxsynthproc.cpp */ = {isa = PBXFileReference; fileEncoding = 4; lastKnownFileType = sourcecode.cpp.cpp; name = vstxsynthproc.cpp; path = ../source/vstxsynthproc.cpp; sourceTree = "<group>"; };
		617D9A12179731160067FBF5 /* Info.plist */ = {isa = PBXFileReference; fileEncoding = 4; lastKnownFileType = text.plist.xml; path = Info.plist; sourceTree = "<group>"; };
/* End PBXFileReference section */

/* Begin PBXFrameworksBuildPhase section */
		8D01CCCD0486CAD60068D4B7 /* Frameworks */ = {
			isa = PBXFrameworksBuildPhase;
			buildActionMask = 2147483647;
			files = (
				8D01CCCE0486CAD60068D4B7 /* Carbon.framework in Frameworks */,
			);
			runOnlyForDeploymentPostprocessing = 0;
		};
/* End PBXFrameworksBuildPhase section */

/* Begin PBXGroup section */
		089C166AFE841209C02AAC07 /* FM-Chopper */ = {
			isa = PBXGroup;
			children = (
				08FB77ADFE841716C02AAC07 /* Source */,
				089C167CFE841241C02AAC07 /* Resources */,
				089C1671FE841209C02AAC07 /* External Frameworks and Libraries */,
				19C28FB4FE9D528D11CA2CBB /* Products */,
			);
			name = "FM-Chopper";
			sourceTree = "<group>";
		};
		089C1671FE841209C02AAC07 /* External Frameworks and Libraries */ = {
			isa = PBXGroup;
			children = (
				08EA7FFBFE8413EDC02AAC07 /* Carbon.framework */,
			);
			name = "External Frameworks and Libraries";
			sourceTree = "<group>";
		};
		089C167CFE841241C02AAC07 /* Resources */ = {
			isa = PBXGroup;
			children = (
				617D9A12179731160067FBF5 /* Info.plist */,
				24D8290509A91ECA0093AEF8 /* xcode_vst_prefix.h */,
				24A483910926E8F400DC794C /* PkgInfo */,
			);
			name = Resources;
			sourceTree = "<group>";
		};
		08FB77ADFE841716C02AAC07 /* Source */ = {
			isa = PBXGroup;
			children = (
				617D99F5179730660067FBF5 /* vst2.x */,
				617D99FF179730660067FBF5 /* paramdef.h */,
				617D9A00179730660067FBF5 /* actualsynth.cpp */,
				617D9A01179730660067FBF5 /* vstxsynth.h */,
				617D9A02179730660067FBF5 /* vstxsynth.cpp */,
				617D9A03179730660067FBF5 /* vstxsynthproc.cpp */,
			);
			name = Source;
			sourceTree = "<group>";
		};
		19C28FB4FE9D528D11CA2CBB /* Products */ = {
			isa = PBXGroup;
			children = (
				2407DE920899296600EB68BF /* Clinkster.vst */,
			);
			name = Products;
			sourceTree = "<group>";
		};
		617D99F5179730660067FBF5 /* vst2.x */ = {
			isa = PBXGroup;
			children = (
				617D99F6179730660067FBF5 /* aeffect.h */,
				617D99F7179730660067FBF5 /* aeffectx.h */,
				617D99F8179730660067FBF5 /* aeffeditor.h */,
				617D99F9179730660067FBF5 /* audioeffect.cpp */,
				617D99FA179730660067FBF5 /* audioeffect.h */,
				617D99FB179730660067FBF5 /* audioeffectx.cpp */,
				617D99FC179730660067FBF5 /* audioeffectx.h */,
				617D99FD179730660067FBF5 /* vstfxstore.h */,
				617D99FE179730660067FBF5 /* vstplugmain.cpp */,
			);
			name = vst2.x;
			path = ../source/vst2.x;
			sourceTree = "<group>";
		};
/* End PBXGroup section */

/* Begin PBXHeadersBuildPhase section */
		8D01CCC70486CAD60068D4B7 /* Headers */ = {
			isa = PBXHeadersBuildPhase;
			buildActionMask = 2147483647;
			files = (
				24D8290609A91ECA0093AEF8 /* xcode_vst_prefix.h in Headers */,
				617D9A04179730660067FBF5 /* aeffect.h in Headers */,
				617D9A05179730660067FBF5 /* aeffectx.h in Headers */,
				617D9A06179730660067FBF5 /* aeffeditor.h in Headers */,
				617D9A08179730660067FBF5 /* audioeffect.h in Headers */,
				617D9A0A179730660067FBF5 /* audioeffectx.h in Headers */,
				617D9A0B179730660067FBF5 /* vstfxstore.h in Headers */,
				617D9A0D179730660067FBF5 /* paramdef.h in Headers */,
				617D9A0F179730660067FBF5 /* vstxsynth.h in Headers */,
			);
			runOnlyForDeploymentPostprocessing = 0;
		};
/* End PBXHeadersBuildPhase section */

/* Begin PBXNativeTarget section */
		8D01CCC60486CAD60068D4B7 /* Clinkster */ = {
			isa = PBXNativeTarget;
			buildConfigurationList = 24BEAAED08919AE700E695F9 /* Build configuration list for PBXNativeTarget "Clinkster" */;
			buildPhases = (
				8D01CCC70486CAD60068D4B7 /* Headers */,
				8D01CCC90486CAD60068D4B7 /* Resources */,
				8D01CCCB0486CAD60068D4B7 /* Sources */,
				8D01CCCD0486CAD60068D4B7 /* Frameworks */,
				8D01CCCF0486CAD60068D4B7 /* Rez */,
				24CFB70807E7A07C0081BD57 /* Copy PkgInfo */,
				24CFB70907E7A0AA0081BD57 /* Copy to VST Folder */,
			);
			buildRules = (
			);
			dependencies = (
			);
			name = Clinkster;
			productInstallPath = "$(HOME)/Library/Bundles";
			productName = "FM-Chopper";
			productReference = 2407DE920899296600EB68BF /* Clinkster.vst */;
			productType = "com.apple.product-type.bundle";
		};
/* End PBXNativeTarget section */

/* Begin PBXProject section */
		089C1669FE841209C02AAC07 /* Project object */ = {
			isa = PBXProject;
			attributes = {
				LastUpgradeCheck = 0460;
				ORGANIZATIONNAME = Loonies;
			};
			buildConfigurationList = 24BEAAF108919AE700E695F9 /* Build configuration list for PBXProject "Clinkster" */;
			compatibilityVersion = "Xcode 3.2";
			developmentRegion = English;
			hasScannedForEncodings = 1;
			knownRegions = (
				English,
				Japanese,
				French,
				German,
			);
			mainGroup = 089C166AFE841209C02AAC07 /* FM-Chopper */;
			projectDirPath = "";
			projectRoot = "";
			targets = (
				8D01CCC60486CAD60068D4B7 /* Clinkster */,
			);
		};
/* End PBXProject section */

/* Begin PBXResourcesBuildPhase section */
		8D01CCC90486CAD60068D4B7 /* Resources */ = {
			isa = PBXResourcesBuildPhase;
			buildActionMask = 2147483647;
			files = (
				24A483930926E8F400DC794C /* PkgInfo in Resources */,
				617D9A13179731160067FBF5 /* Info.plist in Resources */,
			);
			runOnlyForDeploymentPostprocessing = 0;
		};
/* End PBXResourcesBuildPhase section */

/* Begin PBXRezBuildPhase section */
		8D01CCCF0486CAD60068D4B7 /* Rez */ = {
			isa = PBXRezBuildPhase;
			buildActionMask = 2147483647;
			files = (
			);
			runOnlyForDeploymentPostprocessing = 0;
		};
/* End PBXRezBuildPhase section */

/* Begin PBXShellScriptBuildPhase section */
		24CFB70807E7A07C0081BD57 /* Copy PkgInfo */ = {
			isa = PBXShellScriptBuildPhase;
			buildActionMask = 2147483647;
			files = (
			);
			inputPaths = (
			);
			name = "Copy PkgInfo";
			outputPaths = (
			);
			runOnlyForDeploymentPostprocessing = 0;
			shellPath = /bin/bash;
			shellScript = "cp PkgInfo \"$BUILT_PRODUCTS_DIR/$TARGET_NAME.vst/Contents/\"";
		};
		24CFB70907E7A0AA0081BD57 /* Copy to VST Folder */ = {
			isa = PBXShellScriptBuildPhase;
			buildActionMask = 2147483647;
			files = (
			);
			inputPaths = (
			);
			name = "Copy to VST Folder";
			outputPaths = (
			);
			runOnlyForDeploymentPostprocessing = 0;
			shellPath = /bin/bash;
			shellScript = "rm -rf $HOME/Library/Audio/Plug-Ins/VST/$PRODUCT_NAME-*.vst\ncp -r \"$BUILT_PRODUCTS_DIR/$PRODUCT_NAME.vst\" \"$HOME/Library/Audio/Plug-Ins/VST/$PRODUCT_NAME.vst\"";
		};
/* End PBXShellScriptBuildPhase section */

/* Begin PBXSourcesBuildPhase section */
		8D01CCCB0486CAD60068D4B7 /* Sources */ = {
			isa = PBXSourcesBuildPhase;
			buildActionMask = 2147483647;
			files = (
				617D9A07179730660067FBF5 /* audioeffect.cpp in Sources */,
				617D9A09179730660067FBF5 /* audioeffectx.cpp in Sources */,
				617D9A0C179730660067FBF5 /* vstplugmain.cpp in Sources */,
				617D9A0E179730660067FBF5 /* actualsynth.cpp in Sources */,
				617D9A10179730660067FBF5 /* vstxsynth.cpp in Sources */,
				617D9A11179730660067FBF5 /* vstxsynthproc.cpp in Sources */,
			);
			runOnlyForDeploymentPostprocessing = 0;
		};
/* End PBXSourcesBuildPhase section */

/* Begin XCBuildConfiguration section */
		24BEAAEE08919AE700E695F9 /* Debug */ = {
			isa = XCBuildConfiguration;
			buildSettings = {
				COMBINE_HIDPI_IMAGES = YES;
				COPY_PHASE_STRIP = NO;
				FRAMEWORK_SEARCH_PATHS = "";
				GCC_DYNAMIC_NO_PIC = NO;
				GCC_ENABLE_TRIGRAPHS = NO;
				GCC_GENERATE_DEBUGGING_SYMBOLS = YES;
				GCC_OPTIMIZATION_LEVEL = 0;
				GCC_PRECOMPILE_PREFIX_HEADER = YES;
				GCC_PREFIX_HEADER = xcode_vst_prefix.h;
				GCC_PREPROCESSOR_DEFINITIONS = DEBUG;
				GCC_WARN_ABOUT_MISSING_PROTOTYPES = NO;
				GCC_WARN_FOUR_CHARACTER_CONSTANTS = NO;
				GCC_WARN_UNKNOWN_PRAGMAS = NO;
				HEADER_SEARCH_PATHS = "/vstsdk2.4/**";
				INFOPLIST_FILE = Info.plist;
				LIBRARY_SEARCH_PATHS = "";
				OTHER_CFLAGS = "";
				OTHER_LDFLAGS = "";
				PRODUCT_NAME = Clinkster;
				SECTORDER_FLAGS = "";
				WARNING_CFLAGS = (
					"-Wmost",
					"-Wno-four-char-constants",
					"-Wno-unknown-pragmas",
				);
				WRAPPER_EXTENSION = vst;
			};
			name = Debug;
		};
		24BEAAEF08919AE700E695F9 /* Release */ = {
			isa = XCBuildConfiguration;
			buildSettings = {
				COMBINE_HIDPI_IMAGES = YES;
				COPY_PHASE_STRIP = YES;
				FRAMEWORK_SEARCH_PATHS = "";
				GCC_ENABLE_TRIGRAPHS = NO;
				GCC_GENERATE_DEBUGGING_SYMBOLS = NO;
				GCC_PRECOMPILE_PREFIX_HEADER = YES;
				GCC_PREFIX_HEADER = xcode_vst_prefix.h;
				GCC_WARN_ABOUT_MISSING_PROTOTYPES = NO;
				GCC_WARN_FOUR_CHARACTER_CONSTANTS = NO;
				GCC_WARN_UNKNOWN_PRAGMAS = NO;
				HEADER_SEARCH_PATHS = "/Users/heine/Downloads/vstsdk2.4/**";
				INFOPLIST_FILE = Info.plist;
				LIBRARY_SEARCH_PATHS = "";
				OTHER_CFLAGS = "";
				OTHER_LDFLAGS = "";
				PRODUCT_NAME = Clinkster;
				SECTORDER_FLAGS = "";
				USER_HEADER_SEARCH_PATHS = "/Users/heine/Downloads/vstsdk2.4/**";
				WARNING_CFLAGS = (
					"-Wmost",
					"-Wno-four-char-constants",
					"-Wno-unknown-pragmas",
				);
				WRAPPER_EXTENSION = vst;
			};
			name = Release;
		};
		24BEAAF208919AE700E695F9 /* Debug */ = {
			isa = XCBuildConfiguration;
			buildSettings = {
				ARCHS = "$(ARCHS_STANDARD_32_64_BIT)";
				GCC_MODEL_TUNING = G5;
				GCC_OPTIMIZATION_LEVEL = 0;
				MACOSX_DEPLOYMENT_TARGET = 10.4;
				SDKROOT = macosx10.7;
			};
			name = Debug;
		};
		24BEAAF308919AE700E695F9 /* Release */ = {
			isa = XCBuildConfiguration;
			buildSettings = {
				ARCHS = "$(ARCHS_STANDARD_32_64_BIT)";
				GCC_MODEL_TUNING = G5;
				GCC_OPTIMIZATION_LEVEL = 3;
				MACOSX_DEPLOYMENT_TARGET = 10.4;
				SDKROOT = macosx10.7;
				USER_HEADER_SEARCH_PATHS = "";
			};
			name = Release;
		};
/* End XCBuildConfiguration section */

/* Begin XCConfigurationList section */
		24BEAAED08919AE700E695F9 /* Build configuration list for PBXNativeTarget "Clinkster" */ = {
			isa = XCConfigurationList;
			buildConfigurations = (
				24BEAAEE08919AE700E695F9 /* Debug */,
				24BEAAEF08919AE700E695F9 /* Release */,
			);
			defaultConfigurationIsVisible = 0;
			defaultConfigurationName = Debug;
		};
		24BEAAF108919AE700E695F9 /* Build configuration list for PBXProject "Clinkster" */ = {
			isa = XCConfigurationList;
			buildConfigurations = (
				24BEAAF208919AE700E695F9 /* Debug */,
				24BEAAF308919AE700E695F9 /* Release */,
			);
			defaultConfigurationIsVisible = 0;
			defaultConfigurationName = Debug;
		};
/* End XCConfigurationList section */
	};
	rootObject = 089C1669FE841209C02AAC07 /* Project object */;
}
